
Microsoft Visual Studio Solution File, Format Version 12.00
# Visual Studio Version 16
VisualStudioVersion = 16.0.31424.327
MinimumVisualStudioVersion = 10.0.40219.1
Project("{8BC9CEB8-8B4A-11D0-8D11-00A0C91BC942}") = "decrypt", "decrypt\decrypt.vcxproj", "{7C667C22-DE29-4D2D-A2F2-FBD38FDB1539}"
EndProject
Global
	GlobalSection(SolutionConfigurationPlatforms) = preSolution
		Debug|x64 = Debug|x64
		Debug|x86 = Debug|x86
		Release|x64 = Release|x64
		Release|x86 = Release|x86
	EndGlobalSection
	GlobalSection(ProjectConfigurationPlatforms) = postSolution
		{7C667C22-DE29-4D2D-A2F2-FBD38FDB1539}.Debug|x64.ActiveCfg = Debug|x64
		{7C667C22-DE29-4D2D-A2F2-FBD38FDB1539}.Debug|x64.Build.0 = Debug|x64
		{7C667C22-DE29-4D2D-A2F2-FBD38FDB1539}.Debug|x86.ActiveCfg = Debug|Win32
		{7C667C22-DE29-4D2D-A2F2-FBD38FDB1539}.Debug|x86.Build.0 = Debug|Win32
		{7C667C22-DE29-4D2D-A2F2-FBD38FDB1539}.Release|x64.ActiveCfg = Release|x64
		{7C667C22-DE29-4D2D-A2F2-FBD38FDB1539}.Release|x64.Build.0 = Release|x64
		{7C667C22-DE29-4D2D-A2F2-FBD38FDB1539}.Release|x86.ActiveCfg = Release|Win32
		{7C667C22-DE29-4D2D-A2F2-FBD38FDB1539}.Release|x86.Build.0 = Release|Win32
	EndGlobalSection
	GlobalSection(SolutionProperties) = preSolution
		HideSolutionNode = FALSE
	EndGlobalSection
	GlobalSection(ExtensibilityGlobals) = postSolution
		SolutionGuid = {6F0A5C28-A5AD-4FDD-98B5-1DC3356A5A8B}
	EndGlobalSection
EndGlobal
